
Microsoft Visual Studio Solution File, Format Version 12.00
# Visual Studio Version 17
VisualStudioVersion = 17.2.32630.192
MinimumVisualStudioVersion = 10.0.40219.1
Project("{9A19103F-16F7-4668-BE54-9A1E7A4F7556}") = "RToora.DemoRazorPages.Web", "src\Web\RToora.DemoRazorPages.Web.csproj", "{C46B8954-AD4D-487C-BD21-E41098CD2E80}"
EndProject
Global
	GlobalSection(SolutionConfigurationPlatforms) = preSolution
		Debug|Any CPU = Debug|Any CPU
		Release|Any CPU = Release|Any CPU
	EndGlobalSection
	GlobalSection(ProjectConfigurationPlatforms) = postSolution
		{C46B8954-AD4D-487C-BD21-E41098CD2E80}.Debug|Any CPU.ActiveCfg = Debug|Any CPU
		{C46B8954-AD4D-487C-BD21-E41098CD2E80}.Debug|Any CPU.Build.0 = Debug|Any CPU
		{C46B8954-AD4D-487C-BD21-E41098CD2E80}.Release|Any CPU.ActiveCfg = Release|Any CPU
		{C46B8954-AD4D-487C-BD21-E41098CD2E80}.Release|Any CPU.Build.0 = Release|Any CPU
	EndGlobalSection
	GlobalSection(SolutionProperties) = preSolution
		HideSolutionNode = FALSE
	EndGlobalSection
	GlobalSection(ExtensibilityGlobals) = postSolution
		SolutionGuid = {7140B35A-2AB8-44C7-9CC7-D99A117F3C5E}
	EndGlobalSection
EndGlobal
